// !$*UTF8*$!
{
	archiveVersion = 1;
	classes = {
	};
	objectVersion = 48;
	objects = {

/* Begin PBXBuildFile section */
		0833A03C4045271CDF39329B /* Pods_Instagram_SwiftTests.framework in Frameworks */ = {isa = PBXBuildFile; fileRef = 8538BA2ED59A5D359C4F11D2 /* Pods_Instagram_SwiftTests.framework */; };
		0D3BFC49CA47452C6712AC2E /* Pods_Instagram_SwiftUITests.framework in Frameworks */ = {isa = PBXBuildFile; fileRef = 50BB54F3664C88FD256ABA8C /* Pods_Instagram_SwiftUITests.framework */; };
		86D88FE3A240B8C5953399E2 /* Pods_Instagram_Swift.framework in Frameworks */ = {isa = PBXBuildFile; fileRef = 80BE5C916695481961C4B62D /* Pods_Instagram_Swift.framework */; };
		CD1B05631FF51BD100C1420C /* ConstConfig.swift in Sources */ = {isa = PBXBuildFile; fileRef = CD1B05621FF51BD100C1420C /* ConstConfig.swift */; };
		CD1B056A1FF5333100C1420C /* LYLoginViewController.swift in Sources */ = {isa = PBXBuildFile; fileRef = CD1B05691FF5333100C1420C /* LYLoginViewController.swift */; };
		CD1B056C1FF5333D00C1420C /* LYRegisterViewController.swift in Sources */ = {isa = PBXBuildFile; fileRef = CD1B056B1FF5333D00C1420C /* LYRegisterViewController.swift */; };
		CD1B056E1FF5336100C1420C /* LYResetPasswordViewController.swift in Sources */ = {isa = PBXBuildFile; fileRef = CD1B056D1FF5336100C1420C /* LYResetPasswordViewController.swift */; };
		CD540F3A1FF5089D009D0362 /* AppDelegate.swift in Sources */ = {isa = PBXBuildFile; fileRef = CD540F391FF5089D009D0362 /* AppDelegate.swift */; };
		CD540F3F1FF5089D009D0362 /* Main.storyboard in Resources */ = {isa = PBXBuildFile; fileRef = CD540F3D1FF5089D009D0362 /* Main.storyboard */; };
		CD540F411FF5089D009D0362 /* Assets.xcassets in Resources */ = {isa = PBXBuildFile; fileRef = CD540F401FF5089D009D0362 /* Assets.xcassets */; };
		CD540F441FF5089D009D0362 /* LaunchScreen.storyboard in Resources */ = {isa = PBXBuildFile; fileRef = CD540F421FF5089D009D0362 /* LaunchScreen.storyboard */; };
		CD540F4F1FF5089E009D0362 /* Instagram_SwiftTests.swift in Sources */ = {isa = PBXBuildFile; fileRef = CD540F4E1FF5089E009D0362 /* Instagram_SwiftTests.swift */; };
		CD540F5A1FF5089E009D0362 /* Instagram_SwiftUITests.swift in Sources */ = {isa = PBXBuildFile; fileRef = CD540F591FF5089E009D0362 /* Instagram_SwiftUITests.swift */; };
		CD7C0A411FF53DBD00540F73 /* pp.jpg in Resources */ = {isa = PBXBuildFile; fileRef = CD7C0A401FF53DBD00540F73 /* pp.jpg */; };
/* End PBXBuildFile section */

/* Begin PBXContainerItemProxy section */
		CD540F4B1FF5089E009D0362 /* PBXContainerItemProxy */ = {
			isa = PBXContainerItemProxy;
			containerPortal = CD540F2E1FF5089D009D0362 /* Project object */;
			proxyType = 1;
			remoteGlobalIDString = CD540F351FF5089D009D0362;
			remoteInfo = "Instagram-Swift";
		};
		CD540F561FF5089E009D0362 /* PBXContainerItemProxy */ = {
			isa = PBXContainerItemProxy;
			containerPortal = CD540F2E1FF5089D009D0362 /* Project object */;
			proxyType = 1;
			remoteGlobalIDString = CD540F351FF5089D009D0362;
			remoteInfo = "Instagram-Swift";
		};
/* End PBXContainerItemProxy section */

/* Begin PBXFileReference section */
		03C0459161DB1F684B00D52D /* Pods-Instagram-Swift.release.xcconfig */ = {isa = PBXFileReference; includeInIndex = 1; lastKnownFileType = text.xcconfig; name = "Pods-Instagram-Swift.release.xcconfig"; path = "Pods/Target Support Files/Pods-Instagram-Swift/Pods-Instagram-Swift.release.xcconfig"; sourceTree = "<group>"; };
		196F545E520EECC031149853 /* Pods-Instagram-Swift.debug.xcconfig */ = {isa = PBXFileReference; includeInIndex = 1; lastKnownFileType = text.xcconfig; name = "Pods-Instagram-Swift.debug.xcconfig"; path = "Pods/Target Support Files/Pods-Instagram-Swift/Pods-Instagram-Swift.debug.xcconfig"; sourceTree = "<group>"; };
		2F0D129527B661A8B0243DB4 /* Pods-Instagram-SwiftTests.release.xcconfig */ = {isa = PBXFileReference; includeInIndex = 1; lastKnownFileType = text.xcconfig; name = "Pods-Instagram-SwiftTests.release.xcconfig"; path = "Pods/Target Support Files/Pods-Instagram-SwiftTests/Pods-Instagram-SwiftTests.release.xcconfig"; sourceTree = "<group>"; };
		50BB54F3664C88FD256ABA8C /* Pods_Instagram_SwiftUITests.framework */ = {isa = PBXFileReference; explicitFileType = wrapper.framework; includeInIndex = 0; path = Pods_Instagram_SwiftUITests.framework; sourceTree = BUILT_PRODUCTS_DIR; };
		5ED0C829BE3F45A6C9BD7A01 /* Pods-Instagram-SwiftUITests.release.xcconfig */ = {isa = PBXFileReference; includeInIndex = 1; lastKnownFileType = text.xcconfig; name = "Pods-Instagram-SwiftUITests.release.xcconfig"; path = "Pods/Target Support Files/Pods-Instagram-SwiftUITests/Pods-Instagram-SwiftUITests.release.xcconfig"; sourceTree = "<group>"; };
		80BE5C916695481961C4B62D /* Pods_Instagram_Swift.framework */ = {isa = PBXFileReference; explicitFileType = wrapper.framework; includeInIndex = 0; path = Pods_Instagram_Swift.framework; sourceTree = BUILT_PRODUCTS_DIR; };
		8538BA2ED59A5D359C4F11D2 /* Pods_Instagram_SwiftTests.framework */ = {isa = PBXFileReference; explicitFileType = wrapper.framework; includeInIndex = 0; path = Pods_Instagram_SwiftTests.framework; sourceTree = BUILT_PRODUCTS_DIR; };
		CD1B05621FF51BD100C1420C /* ConstConfig.swift */ = {isa = PBXFileReference; lastKnownFileType = sourcecode.swift; path = ConstConfig.swift; sourceTree = "<group>"; };
		CD1B05691FF5333100C1420C /* LYLoginViewController.swift */ = {isa = PBXFileReference; lastKnownFileType = sourcecode.swift; path = LYLoginViewController.swift; sourceTree = "<group>"; };
		CD1B056B1FF5333D00C1420C /* LYRegisterViewController.swift */ = {isa = PBXFileReference; lastKnownFileType = sourcecode.swift; path = LYRegisterViewController.swift; sourceTree = "<group>"; };
		CD1B056D1FF5336100C1420C /* LYResetPasswordViewController.swift */ = {isa = PBXFileReference; lastKnownFileType = sourcecode.swift; path = LYResetPasswordViewController.swift; sourceTree = "<group>"; };
		CD540F361FF5089D009D0362 /* Instagram-Swift.app */ = {isa = PBXFileReference; explicitFileType = wrapper.application; includeInIndex = 0; path = "Instagram-Swift.app"; sourceTree = BUILT_PRODUCTS_DIR; };
		CD540F391FF5089D009D0362 /* AppDelegate.swift */ = {isa = PBXFileReference; lastKnownFileType = sourcecode.swift; path = AppDelegate.swift; sourceTree = "<group>"; };
		CD540F3E1FF5089D009D0362 /* Base */ = {isa = PBXFileReference; lastKnownFileType = file.storyboard; name = Base; path = Base.lproj/Main.storyboard; sourceTree = "<group>"; };
		CD540F401FF5089D009D0362 /* Assets.xcassets */ = {isa = PBXFileReference; lastKnownFileType = folder.assetcatalog; path = Assets.xcassets; sourceTree = "<group>"; };
		CD540F431FF5089D009D0362 /* Base */ = {isa = PBXFileReference; lastKnownFileType = file.storyboard; name = Base; path = Base.lproj/LaunchScreen.storyboard; sourceTree = "<group>"; };
		CD540F451FF5089D009D0362 /* Info.plist */ = {isa = PBXFileReference; lastKnownFileType = text.plist.xml; path = Info.plist; sourceTree = "<group>"; };
		CD540F4A1FF5089E009D0362 /* Instagram-SwiftTests.xctest */ = {isa = PBXFileReference; explicitFileType = wrapper.cfbundle; includeInIndex = 0; path = "Instagram-SwiftTests.xctest"; sourceTree = BUILT_PRODUCTS_DIR; };
		CD540F4E1FF5089E009D0362 /* Instagram_SwiftTests.swift */ = {isa = PBXFileReference; lastKnownFileType = sourcecode.swift; path = Instagram_SwiftTests.swift; sourceTree = "<group>"; };
		CD540F501FF5089E009D0362 /* Info.plist */ = {isa = PBXFileReference; lastKnownFileType = text.plist.xml; path = Info.plist; sourceTree = "<group>"; };
		CD540F551FF5089E009D0362 /* Instagram-SwiftUITests.xctest */ = {isa = PBXFileReference; explicitFileType = wrapper.cfbundle; includeInIndex = 0; path = "Instagram-SwiftUITests.xctest"; sourceTree = BUILT_PRODUCTS_DIR; };
		CD540F591FF5089E009D0362 /* Instagram_SwiftUITests.swift */ = {isa = PBXFileReference; lastKnownFileType = sourcecode.swift; path = Instagram_SwiftUITests.swift; sourceTree = "<group>"; };
		CD540F5B1FF5089E009D0362 /* Info.plist */ = {isa = PBXFileReference; lastKnownFileType = text.plist.xml; path = Info.plist; sourceTree = "<group>"; };
		CD7C0A401FF53DBD00540F73 /* pp.jpg */ = {isa = PBXFileReference; lastKnownFileType = image.jpeg; path = pp.jpg; sourceTree = "<group>"; };
		E9E80C7E9F8A52559B2082D1 /* Pods-Instagram-SwiftTests.debug.xcconfig */ = {isa = PBXFileReference; includeInIndex = 1; lastKnownFileType = text.xcconfig; name = "Pods-Instagram-SwiftTests.debug.xcconfig"; path = "Pods/Target Support Files/Pods-Instagram-SwiftTests/Pods-Instagram-SwiftTests.debug.xcconfig"; sourceTree = "<group>"; };
		F227470D898682BCCD9FA4B1 /* Pods-Instagram-SwiftUITests.debug.xcconfig */ = {isa = PBXFileReference; includeInIndex = 1; lastKnownFileType = text.xcconfig; name = "Pods-Instagram-SwiftUITests.debug.xcconfig"; path = "Pods/Target Support Files/Pods-Instagram-SwiftUITests/Pods-Instagram-SwiftUITests.debug.xcconfig"; sourceTree = "<group>"; };
/* End PBXFileReference section */

/* Begin PBXFrameworksBuildPhase section */
		CD540F331FF5089D009D0362 /* Frameworks */ = {
			isa = PBXFrameworksBuildPhase;
			buildActionMask = 2147483647;
			files = (
				86D88FE3A240B8C5953399E2 /* Pods_Instagram_Swift.framework in Frameworks */,
			);
			runOnlyForDeploymentPostprocessing = 0;
		};
		CD540F471FF5089E009D0362 /* Frameworks */ = {
			isa = PBXFrameworksBuildPhase;
			buildActionMask = 2147483647;
			files = (
				0833A03C4045271CDF39329B /* Pods_Instagram_SwiftTests.framework in Frameworks */,
			);
			runOnlyForDeploymentPostprocessing = 0;
		};
		CD540F521FF5089E009D0362 /* Frameworks */ = {
			isa = PBXFrameworksBuildPhase;
			buildActionMask = 2147483647;
			files = (
				0D3BFC49CA47452C6712AC2E /* Pods_Instagram_SwiftUITests.framework in Frameworks */,
			);
			runOnlyForDeploymentPostprocessing = 0;
		};
/* End PBXFrameworksBuildPhase section */

/* Begin PBXGroup section */
		293E3E3D1EAB850BDC2A5263 /* Pods */ = {
			isa = PBXGroup;
			children = (
				196F545E520EECC031149853 /* Pods-Instagram-Swift.debug.xcconfig */,
				03C0459161DB1F684B00D52D /* Pods-Instagram-Swift.release.xcconfig */,
				E9E80C7E9F8A52559B2082D1 /* Pods-Instagram-SwiftTests.debug.xcconfig */,
				2F0D129527B661A8B0243DB4 /* Pods-Instagram-SwiftTests.release.xcconfig */,
				F227470D898682BCCD9FA4B1 /* Pods-Instagram-SwiftUITests.debug.xcconfig */,
				5ED0C829BE3F45A6C9BD7A01 /* Pods-Instagram-SwiftUITests.release.xcconfig */,
			);
			name = Pods;
			sourceTree = "<group>";
		};
		CD1B05611FF51B9300C1420C /* Config */ = {
			isa = PBXGroup;
			children = (
				CD1B05621FF51BD100C1420C /* ConstConfig.swift */,
			);
			path = Config;
			sourceTree = "<group>";
		};
		CD1B05641FF531DE00C1420C /* Classes */ = {
			isa = PBXGroup;
			children = (
				CD1B05681FF532A500C1420C /* Login&Register */,
				CD1B05661FF5321300C1420C /* AppDelegate */,
				CD1B05651FF5320400C1420C /* Main */,
				CD1B05611FF51B9300C1420C /* Config */,
			);
			path = Classes;
			sourceTree = "<group>";
		};
		CD1B05651FF5320400C1420C /* Main */ = {
			isa = PBXGroup;
			children = (
				CD540F3D1FF5089D009D0362 /* Main.storyboard */,
			);
			path = Main;
			sourceTree = "<group>";
		};
		CD1B05661FF5321300C1420C /* AppDelegate */ = {
			isa = PBXGroup;
			children = (
				CD540F391FF5089D009D0362 /* AppDelegate.swift */,
			);
			path = AppDelegate;
			sourceTree = "<group>";
		};
		CD1B05671FF5323300C1420C /* Resources */ = {
			isa = PBXGroup;
			children = (
				CD7C0A3F1FF53DAE00540F73 /* Images */,
				CD540F421FF5089D009D0362 /* LaunchScreen.storyboard */,
				CD540F401FF5089D009D0362 /* Assets.xcassets */,
			);
			path = Resources;
			sourceTree = "<group>";
		};
		CD1B05681FF532A500C1420C /* Login&Register */ = {
			isa = PBXGroup;
			children = (
				CD1B05691FF5333100C1420C /* LYLoginViewController.swift */,
				CD1B056B1FF5333D00C1420C /* LYRegisterViewController.swift */,
				CD1B056D1FF5336100C1420C /* LYResetPasswordViewController.swift */,
			);
			path = "Login&Register";
			sourceTree = "<group>";
		};
		CD540F2D1FF5089D009D0362 = {
			isa = PBXGroup;
			children = (
				CD540F381FF5089D009D0362 /* Instagram-Swift */,
				CD540F4D1FF5089E009D0362 /* Instagram-SwiftTests */,
				CD540F581FF5089E009D0362 /* Instagram-SwiftUITests */,
				CD540F371FF5089D009D0362 /* Products */,
				293E3E3D1EAB850BDC2A5263 /* Pods */,
				EE778B2526E217BAA93FC0B7 /* Frameworks */,
			);
			sourceTree = "<group>";
		};
		CD540F371FF5089D009D0362 /* Products */ = {
			isa = PBXGroup;
			children = (
				CD540F361FF5089D009D0362 /* Instagram-Swift.app */,
				CD540F4A1FF5089E009D0362 /* Instagram-SwiftTests.xctest */,
				CD540F551FF5089E009D0362 /* Instagram-SwiftUITests.xctest */,
			);
			name = Products;
			sourceTree = "<group>";
		};
		CD540F381FF5089D009D0362 /* Instagram-Swift */ = {
			isa = PBXGroup;
			children = (
				CD1B05671FF5323300C1420C /* Resources */,
				CD1B05641FF531DE00C1420C /* Classes */,
				CD540F451FF5089D009D0362 /* Info.plist */,
			);
			path = "Instagram-Swift";
			sourceTree = "<group>";
		};
		CD540F4D1FF5089E009D0362 /* Instagram-SwiftTests */ = {
			isa = PBXGroup;
			children = (
				CD540F4E1FF5089E009D0362 /* Instagram_SwiftTests.swift */,
				CD540F501FF5089E009D0362 /* Info.plist */,
			);
			path = "Instagram-SwiftTests";
			sourceTree = "<group>";
		};
		CD540F581FF5089E009D0362 /* Instagram-SwiftUITests */ = {
			isa = PBXGroup;
			children = (
				CD540F591FF5089E009D0362 /* Instagram_SwiftUITests.swift */,
				CD540F5B1FF5089E009D0362 /* Info.plist */,
			);
			path = "Instagram-SwiftUITests";
			sourceTree = "<group>";
		};
		CD7C0A3F1FF53DAE00540F73 /* Images */ = {
			isa = PBXGroup;
			children = (
				CD7C0A401FF53DBD00540F73 /* pp.jpg */,
			);
			path = Images;
			sourceTree = "<group>";
		};
		EE778B2526E217BAA93FC0B7 /* Frameworks */ = {
			isa = PBXGroup;
			children = (
				80BE5C916695481961C4B62D /* Pods_Instagram_Swift.framework */,
				8538BA2ED59A5D359C4F11D2 /* Pods_Instagram_SwiftTests.framework */,
				50BB54F3664C88FD256ABA8C /* Pods_Instagram_SwiftUITests.framework */,
			);
			name = Frameworks;
			sourceTree = "<group>";
		};
/* End PBXGroup section */

/* Begin PBXNativeTarget section */
		CD540F351FF5089D009D0362 /* Instagram-Swift */ = {
			isa = PBXNativeTarget;
			buildConfigurationList = CD540F5E1FF5089E009D0362 /* Build configuration list for PBXNativeTarget "Instagram-Swift" */;
			buildPhases = (
				5B5BCBF4BC8CE3C86FB18430 /* [CP] Check Pods Manifest.lock */,
				CD540F321FF5089D009D0362 /* Sources */,
				CD540F331FF5089D009D0362 /* Frameworks */,
				CD540F341FF5089D009D0362 /* Resources */,
				284EBB48EA1547F04FCECC5C /* [CP] Embed Pods Frameworks */,
				8D61417E790B6B0DDE3E5C00 /* [CP] Copy Pods Resources */,
			);
			buildRules = (
			);
			dependencies = (
			);
			name = "Instagram-Swift";
			productName = "Instagram-Swift";
			productReference = CD540F361FF5089D009D0362 /* Instagram-Swift.app */;
			productType = "com.apple.product-type.application";
		};
		CD540F491FF5089E009D0362 /* Instagram-SwiftTests */ = {
			isa = PBXNativeTarget;
			buildConfigurationList = CD540F611FF5089E009D0362 /* Build configuration list for PBXNativeTarget "Instagram-SwiftTests" */;
			buildPhases = (
				1C3B8F04730327C678628A38 /* [CP] Check Pods Manifest.lock */,
				CD540F461FF5089E009D0362 /* Sources */,
				CD540F471FF5089E009D0362 /* Frameworks */,
				CD540F481FF5089E009D0362 /* Resources */,
				F08E0DCCE772B30E1E90776E /* [CP] Embed Pods Frameworks */,
				11226A4EB06602EA0037E7EF /* [CP] Copy Pods Resources */,
			);
			buildRules = (
			);
			dependencies = (
				CD540F4C1FF5089E009D0362 /* PBXTargetDependency */,
			);
			name = "Instagram-SwiftTests";
			productName = "Instagram-SwiftTests";
			productReference = CD540F4A1FF5089E009D0362 /* Instagram-SwiftTests.xctest */;
			productType = "com.apple.product-type.bundle.unit-test";
		};
		CD540F541FF5089E009D0362 /* Instagram-SwiftUITests */ = {
			isa = PBXNativeTarget;
			buildConfigurationList = CD540F641FF5089E009D0362 /* Build configuration list for PBXNativeTarget "Instagram-SwiftUITests" */;
			buildPhases = (
				56B81A17A497B6C5E46ACEA0 /* [CP] Check Pods Manifest.lock */,
				CD540F511FF5089E009D0362 /* Sources */,
				CD540F521FF5089E009D0362 /* Frameworks */,
				CD540F531FF5089E009D0362 /* Resources */,
				F6AF7F1E7E9FE925B3C21472 /* [CP] Embed Pods Frameworks */,
				4B02444E7D9AE5E2308ECDB8 /* [CP] Copy Pods Resources */,
			);
			buildRules = (
			);
			dependencies = (
				CD540F571FF5089E009D0362 /* PBXTargetDependency */,
			);
			name = "Instagram-SwiftUITests";
			productName = "Instagram-SwiftUITests";
			productReference = CD540F551FF5089E009D0362 /* Instagram-SwiftUITests.xctest */;
			productType = "com.apple.product-type.bundle.ui-testing";
		};
/* End PBXNativeTarget section */

/* Begin PBXProject section */
		CD540F2E1FF5089D009D0362 /* Project object */ = {
			isa = PBXProject;
			attributes = {
				CLASSPREFIX = LY;
				LastSwiftUpdateCheck = 0920;
				LastUpgradeCheck = 0920;
				ORGANIZATIONNAME = DeveloperLY;
				TargetAttributes = {
					CD540F351FF5089D009D0362 = {
						CreatedOnToolsVersion = 9.2;
						ProvisioningStyle = Automatic;
					};
					CD540F491FF5089E009D0362 = {
						CreatedOnToolsVersion = 9.2;
						ProvisioningStyle = Automatic;
						TestTargetID = CD540F351FF5089D009D0362;
					};
					CD540F541FF5089E009D0362 = {
						CreatedOnToolsVersion = 9.2;
						ProvisioningStyle = Automatic;
						TestTargetID = CD540F351FF5089D009D0362;
					};
				};
			};
			buildConfigurationList = CD540F311FF5089D009D0362 /* Build configuration list for PBXProject "Instagram-Swift" */;
			compatibilityVersion = "Xcode 8.0";
			developmentRegion = en;
			hasScannedForEncodings = 0;
			knownRegions = (
				en,
				Base,
			);
			mainGroup = CD540F2D1FF5089D009D0362;
			productRefGroup = CD540F371FF5089D009D0362 /* Products */;
			projectDirPath = "";
			projectRoot = "";
			targets = (
				CD540F351FF5089D009D0362 /* Instagram-Swift */,
				CD540F491FF5089E009D0362 /* Instagram-SwiftTests */,
				CD540F541FF5089E009D0362 /* Instagram-SwiftUITests */,
			);
		};
/* End PBXProject section */

/* Begin PBXResourcesBuildPhase section */
		CD540F341FF5089D009D0362 /* Resources */ = {
			isa = PBXResourcesBuildPhase;
			buildActionMask = 2147483647;
			files = (
				CD540F441FF5089D009D0362 /* LaunchScreen.storyboard in Resources */,
				CD7C0A411FF53DBD00540F73 /* pp.jpg in Resources */,
				CD540F411FF5089D009D0362 /* Assets.xcassets in Resources */,
				CD540F3F1FF5089D009D0362 /* Main.storyboard in Resources */,
			);
			runOnlyForDeploymentPostprocessing = 0;
		};
		CD540F481FF5089E009D0362 /* Resources */ = {
			isa = PBXResourcesBuildPhase;
			buildActionMask = 2147483647;
			files = (
			);
			runOnlyForDeploymentPostprocessing = 0;
		};
		CD540F531FF5089E009D0362 /* Resources */ = {
			isa = PBXResourcesBuildPhase;
			buildActionMask = 2147483647;
			files = (
			);
			runOnlyForDeploymentPostprocessing = 0;
		};
/* End PBXResourcesBuildPhase section */

/* Begin PBXShellScriptBuildPhase section */
		11226A4EB06602EA0037E7EF /* [CP] Copy Pods Resources */ = {
			isa = PBXShellScriptBuildPhase;
			buildActionMask = 2147483647;
			files = (
			);
			inputPaths = (
			);
			name = "[CP] Copy Pods Resources";
			outputPaths = (
			);
			runOnlyForDeploymentPostprocessing = 0;
			shellPath = /bin/sh;
			shellScript = "\"${SRCROOT}/Pods/Target Support Files/Pods-Instagram-SwiftTests/Pods-Instagram-SwiftTests-resources.sh\"\n";
			showEnvVarsInLog = 0;
		};
		1C3B8F04730327C678628A38 /* [CP] Check Pods Manifest.lock */ = {
			isa = PBXShellScriptBuildPhase;
			buildActionMask = 2147483647;
			files = (
			);
			inputPaths = (
				"${PODS_PODFILE_DIR_PATH}/Podfile.lock",
				"${PODS_ROOT}/Manifest.lock",
			);
			name = "[CP] Check Pods Manifest.lock";
			outputPaths = (
				"$(DERIVED_FILE_DIR)/Pods-Instagram-SwiftTests-checkManifestLockResult.txt",
			);
			runOnlyForDeploymentPostprocessing = 0;
			shellPath = /bin/sh;
			shellScript = "diff \"${PODS_PODFILE_DIR_PATH}/Podfile.lock\" \"${PODS_ROOT}/Manifest.lock\" > /dev/null\nif [ $? != 0 ] ; then\n    # print error to STDERR\n    echo \"error: The sandbox is not in sync with the Podfile.lock. Run 'pod install' or update your CocoaPods installation.\" >&2\n    exit 1\nfi\n# This output is used by Xcode 'outputs' to avoid re-running this script phase.\necho \"SUCCESS\" > \"${SCRIPT_OUTPUT_FILE_0}\"\n";
			showEnvVarsInLog = 0;
		};
		284EBB48EA1547F04FCECC5C /* [CP] Embed Pods Frameworks */ = {
			isa = PBXShellScriptBuildPhase;
			buildActionMask = 2147483647;
			files = (
			);
			inputPaths = (
				"${SRCROOT}/Pods/Target Support Files/Pods-Instagram-Swift/Pods-Instagram-Swift-frameworks.sh",
				"${BUILT_PRODUCTS_DIR}/Alamofire/Alamofire.framework",
				"${BUILT_PRODUCTS_DIR}/LeanCloud/LeanCloud.framework",
			);
			name = "[CP] Embed Pods Frameworks";
			outputPaths = (
				"${TARGET_BUILD_DIR}/${FRAMEWORKS_FOLDER_PATH}/Alamofire.framework",
				"${TARGET_BUILD_DIR}/${FRAMEWORKS_FOLDER_PATH}/LeanCloud.framework",
			);
			runOnlyForDeploymentPostprocessing = 0;
			shellPath = /bin/sh;
			shellScript = "\"${SRCROOT}/Pods/Target Support Files/Pods-Instagram-Swift/Pods-Instagram-Swift-frameworks.sh\"\n";
			showEnvVarsInLog = 0;
		};
		4B02444E7D9AE5E2308ECDB8 /* [CP] Copy Pods Resources */ = {
			isa = PBXShellScriptBuildPhase;
			buildActionMask = 2147483647;
			files = (
			);
			inputPaths = (
			);
			name = "[CP] Copy Pods Resources";
			outputPaths = (
			);
			runOnlyForDeploymentPostprocessing = 0;
			shellPath = /bin/sh;
			shellScript = "\"${SRCROOT}/Pods/Target Support Files/Pods-Instagram-SwiftUITests/Pods-Instagram-SwiftUITests-resources.sh\"\n";
			showEnvVarsInLog = 0;
		};
		56B81A17A497B6C5E46ACEA0 /* [CP] Check Pods Manifest.lock */ = {
			isa = PBXShellScriptBuildPhase;
			buildActionMask = 2147483647;
			files = (
			);
			inputPaths = (
				"${PODS_PODFILE_DIR_PATH}/Podfile.lock",
				"${PODS_ROOT}/Manifest.lock",
			);
			name = "[CP] Check Pods Manifest.lock";
			outputPaths = (
				"$(DERIVED_FILE_DIR)/Pods-Instagram-SwiftUITests-checkManifestLockResult.txt",
			);
			runOnlyForDeploymentPostprocessing = 0;
			shellPath = /bin/sh;
			shellScript = "diff \"${PODS_PODFILE_DIR_PATH}/Podfile.lock\" \"${PODS_ROOT}/Manifest.lock\" > /dev/null\nif [ $? != 0 ] ; then\n    # print error to STDERR\n    echo \"error: The sandbox is not in sync with the Podfile.lock. Run 'pod install' or update your CocoaPods installation.\" >&2\n    exit 1\nfi\n# This output is used by Xcode 'outputs' to avoid re-running this script phase.\necho \"SUCCESS\" > \"${SCRIPT_OUTPUT_FILE_0}\"\n";
			showEnvVarsInLog = 0;
		};
		5B5BCBF4BC8CE3C86FB18430 /* [CP] Check Pods Manifest.lock */ = {
			isa = PBXShellScriptBuildPhase;
			buildActionMask = 2147483647;
			files = (
			);
			inputPaths = (
				"${PODS_PODFILE_DIR_PATH}/Podfile.lock",
				"${PODS_ROOT}/Manifest.lock",
			);
			name = "[CP] Check Pods Manifest.lock";
			outputPaths = (
				"$(DERIVED_FILE_DIR)/Pods-Instagram-Swift-checkManifestLockResult.txt",
			);
			runOnlyForDeploymentPostprocessing = 0;
			shellPath = /bin/sh;
			shellScript = "diff \"${PODS_PODFILE_DIR_PATH}/Podfile.lock\" \"${PODS_ROOT}/Manifest.lock\" > /dev/null\nif [ $? != 0 ] ; then\n    # print error to STDERR\n    echo \"error: The sandbox is not in sync with the Podfile.lock. Run 'pod install' or update your CocoaPods installation.\" >&2\n    exit 1\nfi\n# This output is used by Xcode 'outputs' to avoid re-running this script phase.\necho \"SUCCESS\" > \"${SCRIPT_OUTPUT_FILE_0}\"\n";
			showEnvVarsInLog = 0;
		};
		8D61417E790B6B0DDE3E5C00 /* [CP] Copy Pods Resources */ = {
			isa = PBXShellScriptBuildPhase;
			buildActionMask = 2147483647;
			files = (
			);
			inputPaths = (
			);
			name = "[CP] Copy Pods Resources";
			outputPaths = (
			);
			runOnlyForDeploymentPostprocessing = 0;
			shellPath = /bin/sh;
			shellScript = "\"${SRCROOT}/Pods/Target Support Files/Pods-Instagram-Swift/Pods-Instagram-Swift-resources.sh\"\n";
			showEnvVarsInLog = 0;
		};
		F08E0DCCE772B30E1E90776E /* [CP] Embed Pods Frameworks */ = {
			isa = PBXShellScriptBuildPhase;
			buildActionMask = 2147483647;
			files = (
			);
			inputPaths = (
			);
			name = "[CP] Embed Pods Frameworks";
			outputPaths = (
			);
			runOnlyForDeploymentPostprocessing = 0;
			shellPath = /bin/sh;
			shellScript = "\"${SRCROOT}/Pods/Target Support Files/Pods-Instagram-SwiftTests/Pods-Instagram-SwiftTests-frameworks.sh\"\n";
			showEnvVarsInLog = 0;
		};
		F6AF7F1E7E9FE925B3C21472 /* [CP] Embed Pods Frameworks */ = {
			isa = PBXShellScriptBuildPhase;
			buildActionMask = 2147483647;
			files = (
			);
			inputPaths = (
			);
			name = "[CP] Embed Pods Frameworks";
			outputPaths = (
			);
			runOnlyForDeploymentPostprocessing = 0;
			shellPath = /bin/sh;
			shellScript = "\"${SRCROOT}/Pods/Target Support Files/Pods-Instagram-SwiftUITests/Pods-Instagram-SwiftUITests-frameworks.sh\"\n";
			showEnvVarsInLog = 0;
		};
/* End PBXShellScriptBuildPhase section */

/* Begin PBXSourcesBuildPhase section */
		CD540F321FF5089D009D0362 /* Sources */ = {
			isa = PBXSourcesBuildPhase;
			buildActionMask = 2147483647;
			files = (
				CD1B056A1FF5333100C1420C /* LYLoginViewController.swift in Sources */,
				CD540F3A1FF5089D009D0362 /* AppDelegate.swift in Sources */,
				CD1B056C1FF5333D00C1420C /* LYRegisterViewController.swift in Sources */,
				CD1B056E1FF5336100C1420C /* LYResetPasswordViewController.swift in Sources */,
				CD1B05631FF51BD100C1420C /* ConstConfig.swift in Sources */,
			);
			runOnlyForDeploymentPostprocessing = 0;
		};
		CD540F461FF5089E009D0362 /* Sources */ = {
			isa = PBXSourcesBuildPhase;
			buildActionMask = 2147483647;
			files = (
				CD540F4F1FF5089E009D0362 /* Instagram_SwiftTests.swift in Sources */,
			);
			runOnlyForDeploymentPostprocessing = 0;
		};
		CD540F511FF5089E009D0362 /* Sources */ = {
			isa = PBXSourcesBuildPhase;
			buildActionMask = 2147483647;
			files = (
				CD540F5A1FF5089E009D0362 /* Instagram_SwiftUITests.swift in Sources */,
			);
			runOnlyForDeploymentPostprocessing = 0;
		};
/* End PBXSourcesBuildPhase section */

/* Begin PBXTargetDependency section */
		CD540F4C1FF5089E009D0362 /* PBXTargetDependency */ = {
			isa = PBXTargetDependency;
			target = CD540F351FF5089D009D0362 /* Instagram-Swift */;
			targetProxy = CD540F4B1FF5089E009D0362 /* PBXContainerItemProxy */;
		};
		CD540F571FF5089E009D0362 /* PBXTargetDependency */ = {
			isa = PBXTargetDependency;
			target = CD540F351FF5089D009D0362 /* Instagram-Swift */;
			targetProxy = CD540F561FF5089E009D0362 /* PBXContainerItemProxy */;
		};
/* End PBXTargetDependency section */

/* Begin PBXVariantGroup section */
		CD540F3D1FF5089D009D0362 /* Main.storyboard */ = {
			isa = PBXVariantGroup;
			children = (
				CD540F3E1FF5089D009D0362 /* Base */,
			);
			name = Main.storyboard;
			sourceTree = "<group>";
		};
		CD540F421FF5089D009D0362 /* LaunchScreen.storyboard */ = {
			isa = PBXVariantGroup;
			children = (
				CD540F431FF5089D009D0362 /* Base */,
			);
			name = LaunchScreen.storyboard;
			sourceTree = "<group>";
		};
/* End PBXVariantGroup section */

/* Begin XCBuildConfiguration section */
		CD540F5C1FF5089E009D0362 /* Debug */ = {
			isa = XCBuildConfiguration;
			buildSettings = {
				ALWAYS_SEARCH_USER_PATHS = NO;
				CLANG_ANALYZER_NONNULL = YES;
				CLANG_ANALYZER_NUMBER_OBJECT_CONVERSION = YES_AGGRESSIVE;
				CLANG_CXX_LANGUAGE_STANDARD = "gnu++14";
				CLANG_CXX_LIBRARY = "libc++";
				CLANG_ENABLE_MODULES = YES;
				CLANG_ENABLE_OBJC_ARC = YES;
				CLANG_WARN_BLOCK_CAPTURE_AUTORELEASING = YES;
				CLANG_WARN_BOOL_CONVERSION = YES;
				CLANG_WARN_COMMA = YES;
				CLANG_WARN_CONSTANT_CONVERSION = YES;
				CLANG_WARN_DIRECT_OBJC_ISA_USAGE = YES_ERROR;
				CLANG_WARN_DOCUMENTATION_COMMENTS = YES;
				CLANG_WARN_EMPTY_BODY = YES;
				CLANG_WARN_ENUM_CONVERSION = YES;
				CLANG_WARN_INFINITE_RECURSION = YES;
				CLANG_WARN_INT_CONVERSION = YES;
				CLANG_WARN_NON_LITERAL_NULL_CONVERSION = YES;
				CLANG_WARN_OBJC_LITERAL_CONVERSION = YES;
				CLANG_WARN_OBJC_ROOT_CLASS = YES_ERROR;
				CLANG_WARN_RANGE_LOOP_ANALYSIS = YES;
				CLANG_WARN_STRICT_PROTOTYPES = YES;
				CLANG_WARN_SUSPICIOUS_MOVE = YES;
				CLANG_WARN_UNGUARDED_AVAILABILITY = YES_AGGRESSIVE;
				CLANG_WARN_UNREACHABLE_CODE = YES;
				CLANG_WARN__DUPLICATE_METHOD_MATCH = YES;
				CODE_SIGN_IDENTITY = "iPhone Developer";
				COPY_PHASE_STRIP = NO;
				DEBUG_INFORMATION_FORMAT = dwarf;
				ENABLE_STRICT_OBJC_MSGSEND = YES;
				ENABLE_TESTABILITY = YES;
				GCC_C_LANGUAGE_STANDARD = gnu11;
				GCC_DYNAMIC_NO_PIC = NO;
				GCC_NO_COMMON_BLOCKS = YES;
				GCC_OPTIMIZATION_LEVEL = 0;
				GCC_PREPROCESSOR_DEFINITIONS = (
					"DEBUG=1",
					"$(inherited)",
				);
				GCC_WARN_64_TO_32_BIT_CONVERSION = YES;
				GCC_WARN_ABOUT_RETURN_TYPE = YES_ERROR;
				GCC_WARN_UNDECLARED_SELECTOR = YES;
				GCC_WARN_UNINITIALIZED_AUTOS = YES_AGGRESSIVE;
				GCC_WARN_UNUSED_FUNCTION = YES;
				GCC_WARN_UNUSED_VARIABLE = YES;
				IPHONEOS_DEPLOYMENT_TARGET = 9.0;
				MTL_ENABLE_DEBUG_INFO = YES;
				ONLY_ACTIVE_ARCH = YES;
				SDKROOT = iphoneos;
				SWIFT_ACTIVE_COMPILATION_CONDITIONS = DEBUG;
				SWIFT_OPTIMIZATION_LEVEL = "-Onone";
			};
			name = Debug;
		};
		CD540F5D1FF5089E009D0362 /* Release */ = {
			isa = XCBuildConfiguration;
			buildSettings = {
				ALWAYS_SEARCH_USER_PATHS = NO;
				CLANG_ANALYZER_NONNULL = YES;
				CLANG_ANALYZER_NUMBER_OBJECT_CONVERSION = YES_AGGRESSIVE;
				CLANG_CXX_LANGUAGE_STANDARD = "gnu++14";
				CLANG_CXX_LIBRARY = "libc++";
				CLANG_ENABLE_MODULES = YES;
				CLANG_ENABLE_OBJC_ARC = YES;
				CLANG_WARN_BLOCK_CAPTURE_AUTORELEASING = YES;
				CLANG_WARN_BOOL_CONVERSION = YES;
				CLANG_WARN_COMMA = YES;
				CLANG_WARN_CONSTANT_CONVERSION = YES;
				CLANG_WARN_DIRECT_OBJC_ISA_USAGE = YES_ERROR;
				CLANG_WARN_DOCUMENTATION_COMMENTS = YES;
				CLANG_WARN_EMPTY_BODY = YES;
				CLANG_WARN_ENUM_CONVERSION = YES;
				CLANG_WARN_INFINITE_RECURSION = YES;
				CLANG_WARN_INT_CONVERSION = YES;
				CLANG_WARN_NON_LITERAL_NULL_CONVERSION = YES;
				CLANG_WARN_OBJC_LITERAL_CONVERSION = YES;
				CLANG_WARN_OBJC_ROOT_CLASS = YES_ERROR;
				CLANG_WARN_RANGE_LOOP_ANALYSIS = YES;
				CLANG_WARN_STRICT_PROTOTYPES = YES;
				CLANG_WARN_SUSPICIOUS_MOVE = YES;
				CLANG_WARN_UNGUARDED_AVAILABILITY = YES_AGGRESSIVE;
				CLANG_WARN_UNREACHABLE_CODE = YES;
				CLANG_WARN__DUPLICATE_METHOD_MATCH = YES;
				CODE_SIGN_IDENTITY = "iPhone Developer";
				COPY_PHASE_STRIP = NO;
				DEBUG_INFORMATION_FORMAT = "dwarf-with-dsym";
				ENABLE_NS_ASSERTIONS = NO;
				ENABLE_STRICT_OBJC_MSGSEND = YES;
				GCC_C_LANGUAGE_STANDARD = gnu11;
				GCC_NO_COMMON_BLOCKS = YES;
				GCC_WARN_64_TO_32_BIT_CONVERSION = YES;
				GCC_WARN_ABOUT_RETURN_TYPE = YES_ERROR;
				GCC_WARN_UNDECLARED_SELECTOR = YES;
				GCC_WARN_UNINITIALIZED_AUTOS = YES_AGGRESSIVE;
				GCC_WARN_UNUSED_FUNCTION = YES;
				GCC_WARN_UNUSED_VARIABLE = YES;
				IPHONEOS_DEPLOYMENT_TARGET = 9.0;
				MTL_ENABLE_DEBUG_INFO = NO;
				SDKROOT = iphoneos;
				SWIFT_OPTIMIZATION_LEVEL = "-Owholemodule";
				VALIDATE_PRODUCT = YES;
			};
			name = Release;
		};
		CD540F5F1FF5089E009D0362 /* Debug */ = {
			isa = XCBuildConfiguration;
			baseConfigurationReference = 196F545E520EECC031149853 /* Pods-Instagram-Swift.debug.xcconfig */;
			buildSettings = {
				ASSETCATALOG_COMPILER_APPICON_NAME = AppIcon;
				CODE_SIGN_STYLE = Automatic;
				DEVELOPMENT_TEAM = VW6LLKQB96;
				INFOPLIST_FILE = "Instagram-Swift/Info.plist";
				LD_RUNPATH_SEARCH_PATHS = "$(inherited) @executable_path/Frameworks";
				PRODUCT_BUNDLE_IDENTIFIER = net.developerly.instagram;
				PRODUCT_NAME = "$(TARGET_NAME)";
				SWIFT_VERSION = 4.0;
				TARGETED_DEVICE_FAMILY = 1;
			};
			name = Debug;
		};
		CD540F601FF5089E009D0362 /* Release */ = {
			isa = XCBuildConfiguration;
			baseConfigurationReference = 03C0459161DB1F684B00D52D /* Pods-Instagram-Swift.release.xcconfig */;
			buildSettings = {
				ASSETCATALOG_COMPILER_APPICON_NAME = AppIcon;
				CODE_SIGN_STYLE = Automatic;
				DEVELOPMENT_TEAM = VW6LLKQB96;
				INFOPLIST_FILE = "Instagram-Swift/Info.plist";
				LD_RUNPATH_SEARCH_PATHS = "$(inherited) @executable_path/Frameworks";
				PRODUCT_BUNDLE_IDENTIFIER = net.developerly.instagram;
				PRODUCT_NAME = "$(TARGET_NAME)";
				SWIFT_VERSION = 4.0;
				TARGETED_DEVICE_FAMILY = 1;
			};
			name = Release;
		};
		CD540F621FF5089E009D0362 /* Debug */ = {
			isa = XCBuildConfiguration;
			baseConfigurationReference = E9E80C7E9F8A52559B2082D1 /* Pods-Instagram-SwiftTests.debug.xcconfig */;
			buildSettings = {
				ALWAYS_EMBED_SWIFT_STANDARD_LIBRARIES = YES;
				BUNDLE_LOADER = "$(TEST_HOST)";
				CODE_SIGN_STYLE = Automatic;
				DEVELOPMENT_TEAM = VW6LLKQB96;
				INFOPLIST_FILE = "Instagram-SwiftTests/Info.plist";
				LD_RUNPATH_SEARCH_PATHS = "$(inherited) @executable_path/Frameworks @loader_path/Frameworks";
				PRODUCT_BUNDLE_IDENTIFIER = "net.developerly.Instagram-SwiftTests";
				PRODUCT_NAME = "$(TARGET_NAME)";
				SWIFT_VERSION = 4.0;
				TARGETED_DEVICE_FAMILY = "1,2";
				TEST_HOST = "$(BUILT_PRODUCTS_DIR)/Instagram-Swift.app/Instagram-Swift";
			};
			name = Debug;
		};
		CD540F631FF5089E009D0362 /* Release */ = {
			isa = XCBuildConfiguration;
			baseConfigurationReference = 2F0D129527B661A8B0243DB4 /* Pods-Instagram-SwiftTests.release.xcconfig */;
			buildSettings = {
				ALWAYS_EMBED_SWIFT_STANDARD_LIBRARIES = YES;
				BUNDLE_LOADER = "$(TEST_HOST)";
				CODE_SIGN_STYLE = Automatic;
				DEVELOPMENT_TEAM = VW6LLKQB96;
				INFOPLIST_FILE = "Instagram-SwiftTests/Info.plist";
				LD_RUNPATH_SEARCH_PATHS = "$(inherited) @executable_path/Frameworks @loader_path/Frameworks";
				PRODUCT_BUNDLE_IDENTIFIER = "net.developerly.Instagram-SwiftTests";
				PRODUCT_NAME = "$(TARGET_NAME)";
				SWIFT_VERSION = 4.0;
				TARGETED_DEVICE_FAMILY = "1,2";
				TEST_HOST = "$(BUILT_PRODUCTS_DIR)/Instagram-Swift.app/Instagram-Swift";
			};
			name = Release;
		};
		CD540F651FF5089E009D0362 /* Debug */ = {
			isa = XCBuildConfiguration;
			baseConfigurationReference = F227470D898682BCCD9FA4B1 /* Pods-Instagram-SwiftUITests.debug.xcconfig */;
			buildSettings = {
				ALWAYS_EMBED_SWIFT_STANDARD_LIBRARIES = YES;
				CODE_SIGN_STYLE = Automatic;
				DEVELOPMENT_TEAM = VW6LLKQB96;
				INFOPLIST_FILE = "Instagram-SwiftUITests/Info.plist";
				LD_RUNPATH_SEARCH_PATHS = "$(inherited) @executable_path/Frameworks @loader_path/Frameworks";
				PRODUCT_BUNDLE_IDENTIFIER = "net.developerly.Instagram-SwiftUITests";
				PRODUCT_NAME = "$(TARGET_NAME)";
				SWIFT_VERSION = 4.0;
				TARGETED_DEVICE_FAMILY = "1,2";
				TEST_TARGET_NAME = "Instagram-Swift";
			};
			name = Debug;
		};
		CD540F661FF5089E009D0362 /* Release */ = {
			isa = XCBuildConfiguration;
			baseConfigurationReference = 5ED0C829BE3F45A6C9BD7A01 /* Pods-Instagram-SwiftUITests.release.xcconfig */;
			buildSettings = {
				ALWAYS_EMBED_SWIFT_STANDARD_LIBRARIES = YES;
				CODE_SIGN_STYLE = Automatic;
				DEVELOPMENT_TEAM = VW6LLKQB96;
				INFOPLIST_FILE = "Instagram-SwiftUITests/Info.plist";
				LD_RUNPATH_SEARCH_PATHS = "$(inherited) @executable_path/Frameworks @loader_path/Frameworks";
				PRODUCT_BUNDLE_IDENTIFIER = "net.developerly.Instagram-SwiftUITests";
				PRODUCT_NAME = "$(TARGET_NAME)";
				SWIFT_VERSION = 4.0;
				TARGETED_DEVICE_FAMILY = "1,2";
				TEST_TARGET_NAME = "Instagram-Swift";
			};
			name = Release;
		};
/* End XCBuildConfiguration section */

/* Begin XCConfigurationList section */
		CD540F311FF5089D009D0362 /* Build configuration list for PBXProject "Instagram-Swift" */ = {
			isa = XCConfigurationList;
			buildConfigurations = (
				CD540F5C1FF5089E009D0362 /* Debug */,
				CD540F5D1FF5089E009D0362 /* Release */,
			);
			defaultConfigurationIsVisible = 0;
			defaultConfigurationName = Release;
		};
		CD540F5E1FF5089E009D0362 /* Build configuration list for PBXNativeTarget "Instagram-Swift" */ = {
			isa = XCConfigurationList;
			buildConfigurations = (
				CD540F5F1FF5089E009D0362 /* Debug */,
				CD540F601FF5089E009D0362 /* Release */,
			);
			defaultConfigurationIsVisible = 0;
			defaultConfigurationName = Release;
		};
		CD540F611FF5089E009D0362 /* Build configuration list for PBXNativeTarget "Instagram-SwiftTests" */ = {
			isa = XCConfigurationList;
			buildConfigurations = (
				CD540F621FF5089E009D0362 /* Debug */,
				CD540F631FF5089E009D0362 /* Release */,
			);
			defaultConfigurationIsVisible = 0;
			defaultConfigurationName = Release;
		};
		CD540F641FF5089E009D0362 /* Build configuration list for PBXNativeTarget "Instagram-SwiftUITests" */ = {
			isa = XCConfigurationList;
			buildConfigurations = (
				CD540F651FF5089E009D0362 /* Debug */,
				CD540F661FF5089E009D0362 /* Release */,
			);
			defaultConfigurationIsVisible = 0;
			defaultConfigurationName = Release;
		};
/* End XCConfigurationList section */
	};
	rootObject = CD540F2E1FF5089D009D0362 /* Project object */;
}
