PODS:
  - ActiveLabel (1.1.5)
  - AVOSCloud (12.3.3)
  - IQKeyboardManagerSwift (6.5.10)
  - SnapKit (5.6.0)
  - SVProgressHUD (2.2.5)

DEPENDENCIES:
  - ActiveLabel (from `https://github.com/optonaut/ActiveLabel.swift.git`, tag `1.1.5`)
  - AVOSCloud (= 12.3.3)
  - IQKeyboardManagerSwift (= 6.5.10)
  - SnapKit (= 5.6.0)
  - SVProgressHUD (= 2.2.5)

SPEC REPOS:
  https://github.com/CocoaPods/Specs.git:
    - SVProgressHUD
  trunk:
    - AVOSCloud
    - IQKeyboardManagerSwift
    - SnapKit

EXTERNAL SOURCES:
  ActiveLabel:
    :git: https://github.com/optonaut/ActiveLabel.swift.git
    :tag: 1.1.5

CHECKOUT OPTIONS:
  ActiveLabel:
    :git: https://github.com/optonaut/ActiveLabel.swift.git
    :tag: 1.1.5

SPEC CHECKSUMS:
  ActiveLabel: d757b2404064bc63127c25c1a6beab0ca578bbaa
  AVOSCloud: 70bbf2d1ffcf587cb69e1eb3fff8f4e29046da44
  IQKeyboardManagerSwift: 52962c76ab33532f15ad9f3ff4e5715eda5335bb
  SnapKit: e01d52ebb8ddbc333eefe2132acf85c8227d9c25
  SVProgressHUD: 1428aafac632c1f86f62aa4243ec12008d7a51d6

PODFILE CHECKSUM: 4de50cf95eadf238538d0bf94e15635bddd5980e

COCOAPODS: 1.11.3
